
Microsoft Visual Studio Solution File, Format Version 10.00
# Visual Studio 2008
Project("{FAE04EC0-301F-11D3-BF4B-00C04F79EFBC}") = "Markov_cep", "Markov_cep\Markov_cep.csproj", "{21B325A3-2CF3-4D1D-B21C-0AC6DB8CEBF4}"
EndProject
Global
	GlobalSection(SolutionConfigurationPlatforms) = preSolution
		Debug|Any CPU = Debug|Any CPU
		Release|Any CPU = Release|Any CPU
	EndGlobalSection
	GlobalSection(ProjectConfigurationPlatforms) = postSolution
		{21B325A3-2CF3-4D1D-B21C-0AC6DB8CEBF4}.Debug|Any CPU.ActiveCfg = Debug|Any CPU
		{21B325A3-2CF3-4D1D-B21C-0AC6DB8CEBF4}.Debug|Any CPU.Build.0 = Debug|Any CPU
		{21B325A3-2CF3-4D1D-B21C-0AC6DB8CEBF4}.Release|Any CPU.ActiveCfg = Release|Any CPU
		{21B325A3-2CF3-4D1D-B21C-0AC6DB8CEBF4}.Release|Any CPU.Build.0 = Release|Any CPU
	EndGlobalSection
	GlobalSection(SolutionProperties) = preSolution
		HideSolutionNode = FALSE
	EndGlobalSection
EndGlobal
